// !$*UTF8*$!
{
	archiveVersion = 1;
	classes = {
	};
	objectVersion = 46;
	objects = {

/* Begin PBXBuildFile section */
		1A156FAD19C9EAC50023905E /* TimeoutsViewController.swift in Sources */ = {isa = PBXBuildFile; fileRef = 1A156FAC19C9EAC50023905E /* TimeoutsViewController.swift */; };
		7F355D55198155E7009C64B5 /* FileDownloadingViewController.swift in Sources */ = {isa = PBXBuildFile; fileRef = 7F355D54198155E7009C64B5 /* FileDownloadingViewController.swift */; };
		7F6C9E9F19C736030007B5EC /* Error.swift in Sources */ = {isa = PBXBuildFile; fileRef = 7F6C9E9E19C736030007B5EC /* Error.swift */; };
		7F86D9AB1976C96900C81BEA /* AppDelegate.swift in Sources */ = {isa = PBXBuildFile; fileRef = 7F86D9AA1976C96900C81BEA /* AppDelegate.swift */; };
		7F86D9AD1976C96900C81BEA /* ViewController.swift in Sources */ = {isa = PBXBuildFile; fileRef = 7F86D9AC1976C96900C81BEA /* ViewController.swift */; };
		7F86D9B01976C96900C81BEA /* Main.storyboard in Resources */ = {isa = PBXBuildFile; fileRef = 7F86D9AE1976C96900C81BEA /* Main.storyboard */; };
		7F86D9B21976C96900C81BEA /* Images.xcassets in Resources */ = {isa = PBXBuildFile; fileRef = 7F86D9B11976C96900C81BEA /* Images.xcassets */; };
		7F86D9BE1976C96900C81BEA /* PreworkerTests.swift in Sources */ = {isa = PBXBuildFile; fileRef = 7F86D9BD1976C96900C81BEA /* PreworkerTests.swift */; };
		7F86D9C91976CA6600C81BEA /* Preworker.swift in Sources */ = {isa = PBXBuildFile; fileRef = 7F86D9C71976CA6600C81BEA /* Preworker.swift */; };
		7F86D9CA1976CA6600C81BEA /* PreworkerContext.swift in Sources */ = {isa = PBXBuildFile; fileRef = 7F86D9C81976CA6600C81BEA /* PreworkerContext.swift */; };
		7F86D9CC1976CABD00C81BEA /* ImageProcessingViewController.swift in Sources */ = {isa = PBXBuildFile; fileRef = 7F86D9CB1976CABD00C81BEA /* ImageProcessingViewController.swift */; };
/* End PBXBuildFile section */

/* Begin PBXContainerItemProxy section */
		7F86D9B81976C96900C81BEA /* PBXContainerItemProxy */ = {
			isa = PBXContainerItemProxy;
			containerPortal = 7F86D99D1976C96900C81BEA /* Project object */;
			proxyType = 1;
			remoteGlobalIDString = 7F86D9A41976C96900C81BEA;
			remoteInfo = Preworker;
		};
/* End PBXContainerItemProxy section */

/* Begin PBXFileReference section */
		1A156FAC19C9EAC50023905E /* TimeoutsViewController.swift */ = {isa = PBXFileReference; fileEncoding = 4; lastKnownFileType = sourcecode.swift; path = TimeoutsViewController.swift; sourceTree = "<group>"; };
		1A391F7C19C7446B003B88C5 /* README.md */ = {isa = PBXFileReference; lastKnownFileType = net.daringfireball.markdown; name = README.md; path = ../../../README.md; sourceTree = "<group>"; };
		7F355D54198155E7009C64B5 /* FileDownloadingViewController.swift */ = {isa = PBXFileReference; fileEncoding = 4; lastKnownFileType = sourcecode.swift; path = FileDownloadingViewController.swift; sourceTree = "<group>"; };
		7F6C9E9E19C736030007B5EC /* Error.swift */ = {isa = PBXFileReference; fileEncoding = 4; lastKnownFileType = sourcecode.swift; name = Error.swift; path = ../../../Sources/Error.swift; sourceTree = "<group>"; };
		7F86D9A51976C96900C81BEA /* Preworker.app */ = {isa = PBXFileReference; explicitFileType = wrapper.application; includeInIndex = 0; path = Preworker.app; sourceTree = BUILT_PRODUCTS_DIR; };
		7F86D9A91976C96900C81BEA /* Info.plist */ = {isa = PBXFileReference; lastKnownFileType = text.plist.xml; path = Info.plist; sourceTree = "<group>"; };
		7F86D9AA1976C96900C81BEA /* AppDelegate.swift */ = {isa = PBXFileReference; lastKnownFileType = sourcecode.swift; path = AppDelegate.swift; sourceTree = "<group>"; };
		7F86D9AC1976C96900C81BEA /* ViewController.swift */ = {isa = PBXFileReference; lastKnownFileType = sourcecode.swift; path = ViewController.swift; sourceTree = "<group>"; };
		7F86D9AF1976C96900C81BEA /* Base */ = {isa = PBXFileReference; lastKnownFileType = file.storyboard; name = Base; path = Base.lproj/Main.storyboard; sourceTree = "<group>"; };
		7F86D9B11976C96900C81BEA /* Images.xcassets */ = {isa = PBXFileReference; lastKnownFileType = folder.assetcatalog; path = Images.xcassets; sourceTree = "<group>"; };
		7F86D9B71976C96900C81BEA /* PreworkerTests.xctest */ = {isa = PBXFileReference; explicitFileType = wrapper.cfbundle; includeInIndex = 0; path = PreworkerTests.xctest; sourceTree = BUILT_PRODUCTS_DIR; };
		7F86D9BC1976C96900C81BEA /* Info.plist */ = {isa = PBXFileReference; lastKnownFileType = text.plist.xml; path = Info.plist; sourceTree = "<group>"; };
		7F86D9BD1976C96900C81BEA /* PreworkerTests.swift */ = {isa = PBXFileReference; lastKnownFileType = sourcecode.swift; path = PreworkerTests.swift; sourceTree = "<group>"; };
		7F86D9C71976CA6600C81BEA /* Preworker.swift */ = {isa = PBXFileReference; fileEncoding = 4; lastKnownFileType = sourcecode.swift; name = Preworker.swift; path = ../../../Sources/Preworker.swift; sourceTree = "<group>"; };
		7F86D9C81976CA6600C81BEA /* PreworkerContext.swift */ = {isa = PBXFileReference; fileEncoding = 4; lastKnownFileType = sourcecode.swift; name = PreworkerContext.swift; path = ../../../Sources/PreworkerContext.swift; sourceTree = "<group>"; };
		7F86D9CB1976CABD00C81BEA /* ImageProcessingViewController.swift */ = {isa = PBXFileReference; fileEncoding = 4; lastKnownFileType = sourcecode.swift; path = ImageProcessingViewController.swift; sourceTree = "<group>"; };
/* End PBXFileReference section */

/* Begin PBXFrameworksBuildPhase section */
		7F86D9A21976C96900C81BEA /* Frameworks */ = {
			isa = PBXFrameworksBuildPhase;
			buildActionMask = 2147483647;
			files = (
			);
			runOnlyForDeploymentPostprocessing = 0;
		};
		7F86D9B41976C96900C81BEA /* Frameworks */ = {
			isa = PBXFrameworksBuildPhase;
			buildActionMask = 2147483647;
			files = (
			);
			runOnlyForDeploymentPostprocessing = 0;
		};
/* End PBXFrameworksBuildPhase section */

/* Begin PBXGroup section */
		7F86D99C1976C96900C81BEA = {
			isa = PBXGroup;
			children = (
				7F86D9A71976C96900C81BEA /* Preworker */,
				7F86D9BA1976C96900C81BEA /* PreworkerTests */,
				7F86D9A61976C96900C81BEA /* Products */,
			);
			sourceTree = "<group>";
		};
		7F86D9A61976C96900C81BEA /* Products */ = {
			isa = PBXGroup;
			children = (
				7F86D9A51976C96900C81BEA /* Preworker.app */,
				7F86D9B71976C96900C81BEA /* PreworkerTests.xctest */,
			);
			name = Products;
			sourceTree = "<group>";
		};
		7F86D9A71976C96900C81BEA /* Preworker */ = {
			isa = PBXGroup;
			children = (
				7F86D9CD1976CAC300C81BEA /* View Controllers */,
				7F86D9C71976CA6600C81BEA /* Preworker.swift */,
				7F86D9C81976CA6600C81BEA /* PreworkerContext.swift */,
				7F6C9E9E19C736030007B5EC /* Error.swift */,
				7F86D9AA1976C96900C81BEA /* AppDelegate.swift */,
				7F86D9AE1976C96900C81BEA /* Main.storyboard */,
				7F86D9B11976C96900C81BEA /* Images.xcassets */,
				7F86D9A81976C96900C81BEA /* Supporting Files */,
				1A391F7C19C7446B003B88C5 /* README.md */,
			);
			path = Preworker;
			sourceTree = "<group>";
		};
		7F86D9A81976C96900C81BEA /* Supporting Files */ = {
			isa = PBXGroup;
			children = (
				7F86D9A91976C96900C81BEA /* Info.plist */,
			);
			name = "Supporting Files";
			sourceTree = "<group>";
		};
		7F86D9BA1976C96900C81BEA /* PreworkerTests */ = {
			isa = PBXGroup;
			children = (
				7F86D9BD1976C96900C81BEA /* PreworkerTests.swift */,
				7F86D9BB1976C96900C81BEA /* Supporting Files */,
			);
			path = PreworkerTests;
			sourceTree = "<group>";
		};
		7F86D9BB1976C96900C81BEA /* Supporting Files */ = {
			isa = PBXGroup;
			children = (
				7F86D9BC1976C96900C81BEA /* Info.plist */,
			);
			name = "Supporting Files";
			sourceTree = "<group>";
		};
		7F86D9CD1976CAC300C81BEA /* View Controllers */ = {
			isa = PBXGroup;
			children = (
				7F86D9AC1976C96900C81BEA /* ViewController.swift */,
				7F86D9CB1976CABD00C81BEA /* ImageProcessingViewController.swift */,
				7F355D54198155E7009C64B5 /* FileDownloadingViewController.swift */,
				1A156FAC19C9EAC50023905E /* TimeoutsViewController.swift */,
			);
			name = "View Controllers";
			sourceTree = "<group>";
		};
/* End PBXGroup section */

/* Begin PBXNativeTarget section */
		7F86D9A41976C96900C81BEA /* Preworker */ = {
			isa = PBXNativeTarget;
			buildConfigurationList = 7F86D9C11976C96900C81BEA /* Build configuration list for PBXNativeTarget "Preworker" */;
			buildPhases = (
				7F86D9A11976C96900C81BEA /* Sources */,
				7F86D9A21976C96900C81BEA /* Frameworks */,
				7F86D9A31976C96900C81BEA /* Resources */,
			);
			buildRules = (
			);
			dependencies = (
			);
			name = Preworker;
			productName = Preworker;
			productReference = 7F86D9A51976C96900C81BEA /* Preworker.app */;
			productType = "com.apple.product-type.application";
		};
		7F86D9B61976C96900C81BEA /* PreworkerTests */ = {
			isa = PBXNativeTarget;
			buildConfigurationList = 7F86D9C41976C96900C81BEA /* Build configuration list for PBXNativeTarget "PreworkerTests" */;
			buildPhases = (
				7F86D9B31976C96900C81BEA /* Sources */,
				7F86D9B41976C96900C81BEA /* Frameworks */,
				7F86D9B51976C96900C81BEA /* Resources */,
			);
			buildRules = (
			);
			dependencies = (
				7F86D9B91976C96900C81BEA /* PBXTargetDependency */,
			);
			name = PreworkerTests;
			productName = PreworkerTests;
			productReference = 7F86D9B71976C96900C81BEA /* PreworkerTests.xctest */;
			productType = "com.apple.product-type.bundle.unit-test";
		};
/* End PBXNativeTarget section */

/* Begin PBXProject section */
		7F86D99D1976C96900C81BEA /* Project object */ = {
			isa = PBXProject;
			attributes = {
				LastUpgradeCheck = 0600;
				ORGANIZATIONNAME = LucidCoding;
				TargetAttributes = {
					7F86D9A41976C96900C81BEA = {
						CreatedOnToolsVersion = 6.0;
					};
					7F86D9B61976C96900C81BEA = {
						CreatedOnToolsVersion = 6.0;
						TestTargetID = 7F86D9A41976C96900C81BEA;
					};
				};
			};
			buildConfigurationList = 7F86D9A01976C96900C81BEA /* Build configuration list for PBXProject "Preworker" */;
			compatibilityVersion = "Xcode 3.2";
			developmentRegion = English;
			hasScannedForEncodings = 0;
			knownRegions = (
				en,
				Base,
			);
			mainGroup = 7F86D99C1976C96900C81BEA;
			productRefGroup = 7F86D9A61976C96900C81BEA /* Products */;
			projectDirPath = "";
			projectRoot = "";
			targets = (
				7F86D9A41976C96900C81BEA /* Preworker */,
				7F86D9B61976C96900C81BEA /* PreworkerTests */,
			);
		};
/* End PBXProject section */

/* Begin PBXResourcesBuildPhase section */
		7F86D9A31976C96900C81BEA /* Resources */ = {
			isa = PBXResourcesBuildPhase;
			buildActionMask = 2147483647;
			files = (
				7F86D9B01976C96900C81BEA /* Main.storyboard in Resources */,
				7F86D9B21976C96900C81BEA /* Images.xcassets in Resources */,
			);
			runOnlyForDeploymentPostprocessing = 0;
		};
		7F86D9B51976C96900C81BEA /* Resources */ = {
			isa = PBXResourcesBuildPhase;
			buildActionMask = 2147483647;
			files = (
			);
			runOnlyForDeploymentPostprocessing = 0;
		};
/* End PBXResourcesBuildPhase section */

/* Begin PBXSourcesBuildPhase section */
		7F86D9A11976C96900C81BEA /* Sources */ = {
			isa = PBXSourcesBuildPhase;
			buildActionMask = 2147483647;
			files = (
				7F86D9CC1976CABD00C81BEA /* ImageProcessingViewController.swift in Sources */,
				7F355D55198155E7009C64B5 /* FileDownloadingViewController.swift in Sources */,
				7F86D9AD1976C96900C81BEA /* ViewController.swift in Sources */,
				7F86D9AB1976C96900C81BEA /* AppDelegate.swift in Sources */,
				7F86D9C91976CA6600C81BEA /* Preworker.swift in Sources */,
				7F6C9E9F19C736030007B5EC /* Error.swift in Sources */,
				7F86D9CA1976CA6600C81BEA /* PreworkerContext.swift in Sources */,
				1A156FAD19C9EAC50023905E /* TimeoutsViewController.swift in Sources */,
			);
			runOnlyForDeploymentPostprocessing = 0;
		};
		7F86D9B31976C96900C81BEA /* Sources */ = {
			isa = PBXSourcesBuildPhase;
			buildActionMask = 2147483647;
			files = (
				7F86D9BE1976C96900C81BEA /* PreworkerTests.swift in Sources */,
			);
			runOnlyForDeploymentPostprocessing = 0;
		};
/* End PBXSourcesBuildPhase section */

/* Begin PBXTargetDependency section */
		7F86D9B91976C96900C81BEA /* PBXTargetDependency */ = {
			isa = PBXTargetDependency;
			target = 7F86D9A41976C96900C81BEA /* Preworker */;
			targetProxy = 7F86D9B81976C96900C81BEA /* PBXContainerItemProxy */;
		};
/* End PBXTargetDependency section */

/* Begin PBXVariantGroup section */
		7F86D9AE1976C96900C81BEA /* Main.storyboard */ = {
			isa = PBXVariantGroup;
			children = (
				7F86D9AF1976C96900C81BEA /* Base */,
			);
			name = Main.storyboard;
			sourceTree = "<group>";
		};
/* End PBXVariantGroup section */

/* Begin XCBuildConfiguration section */
		7F86D9BF1976C96900C81BEA /* Debug */ = {
			isa = XCBuildConfiguration;
			buildSettings = {
				ALWAYS_SEARCH_USER_PATHS = NO;
				CLANG_CXX_LANGUAGE_STANDARD = "gnu++0x";
				CLANG_CXX_LIBRARY = "libc++";
				CLANG_ENABLE_MODULES = YES;
				CLANG_ENABLE_OBJC_ARC = YES;
				CLANG_WARN_BOOL_CONVERSION = YES;
				CLANG_WARN_CONSTANT_CONVERSION = YES;
				CLANG_WARN_DIRECT_OBJC_ISA_USAGE = YES_ERROR;
				CLANG_WARN_EMPTY_BODY = YES;
				CLANG_WARN_ENUM_CONVERSION = YES;
				CLANG_WARN_INT_CONVERSION = YES;
				CLANG_WARN_OBJC_ROOT_CLASS = YES_ERROR;
				CLANG_WARN_UNREACHABLE_CODE = YES;
				CLANG_WARN__DUPLICATE_METHOD_MATCH = YES;
				"CODE_SIGN_IDENTITY[sdk=iphoneos*]" = "iPhone Developer";
				COPY_PHASE_STRIP = NO;
				ENABLE_STRICT_OBJC_MSGSEND = YES;
				GCC_C_LANGUAGE_STANDARD = gnu99;
				GCC_DYNAMIC_NO_PIC = NO;
				GCC_OPTIMIZATION_LEVEL = 0;
				GCC_PREPROCESSOR_DEFINITIONS = (
					"DEBUG=1",
					"$(inherited)",
				);
				GCC_SYMBOLS_PRIVATE_EXTERN = NO;
				GCC_WARN_64_TO_32_BIT_CONVERSION = YES;
				GCC_WARN_ABOUT_RETURN_TYPE = YES_ERROR;
				GCC_WARN_UNDECLARED_SELECTOR = YES;
				GCC_WARN_UNINITIALIZED_AUTOS = YES_AGGRESSIVE;
				GCC_WARN_UNUSED_FUNCTION = YES;
				GCC_WARN_UNUSED_VARIABLE = YES;
				IPHONEOS_DEPLOYMENT_TARGET = 8.0;
				MTL_ENABLE_DEBUG_INFO = YES;
				ONLY_ACTIVE_ARCH = YES;
				SDKROOT = iphoneos;
				SWIFT_OPTIMIZATION_LEVEL = "-Onone";
			};
			name = Debug;
		};
		7F86D9C01976C96900C81BEA /* Release */ = {
			isa = XCBuildConfiguration;
			buildSettings = {
				ALWAYS_SEARCH_USER_PATHS = NO;
				CLANG_CXX_LANGUAGE_STANDARD = "gnu++0x";
				CLANG_CXX_LIBRARY = "libc++";
				CLANG_ENABLE_MODULES = YES;
				CLANG_ENABLE_OBJC_ARC = YES;
				CLANG_WARN_BOOL_CONVERSION = YES;
				CLANG_WARN_CONSTANT_CONVERSION = YES;
				CLANG_WARN_DIRECT_OBJC_ISA_USAGE = YES_ERROR;
				CLANG_WARN_EMPTY_BODY = YES;
				CLANG_WARN_ENUM_CONVERSION = YES;
				CLANG_WARN_INT_CONVERSION = YES;
				CLANG_WARN_OBJC_ROOT_CLASS = YES_ERROR;
				CLANG_WARN_UNREACHABLE_CODE = YES;
				CLANG_WARN__DUPLICATE_METHOD_MATCH = YES;
				"CODE_SIGN_IDENTITY[sdk=iphoneos*]" = "iPhone Developer";
				COPY_PHASE_STRIP = YES;
				ENABLE_NS_ASSERTIONS = NO;
				ENABLE_STRICT_OBJC_MSGSEND = YES;
				GCC_C_LANGUAGE_STANDARD = gnu99;
				GCC_WARN_64_TO_32_BIT_CONVERSION = YES;
				GCC_WARN_ABOUT_RETURN_TYPE = YES_ERROR;
				GCC_WARN_UNDECLARED_SELECTOR = YES;
				GCC_WARN_UNINITIALIZED_AUTOS = YES_AGGRESSIVE;
				GCC_WARN_UNUSED_FUNCTION = YES;
				GCC_WARN_UNUSED_VARIABLE = YES;
				IPHONEOS_DEPLOYMENT_TARGET = 8.0;
				MTL_ENABLE_DEBUG_INFO = NO;
				SDKROOT = iphoneos;
				VALIDATE_PRODUCT = YES;
			};
			name = Release;
		};
		7F86D9C21976C96900C81BEA /* Debug */ = {
			isa = XCBuildConfiguration;
			buildSettings = {
				ASSETCATALOG_COMPILER_APPICON_NAME = AppIcon;
				ASSETCATALOG_COMPILER_LAUNCHIMAGE_NAME = LaunchImage;
				INFOPLIST_FILE = Preworker/Info.plist;
				LD_RUNPATH_SEARCH_PATHS = "$(inherited) @executable_path/Frameworks";
				PRODUCT_NAME = "$(TARGET_NAME)";
			};
			name = Debug;
		};
		7F86D9C31976C96900C81BEA /* Release */ = {
			isa = XCBuildConfiguration;
			buildSettings = {
				ASSETCATALOG_COMPILER_APPICON_NAME = AppIcon;
				ASSETCATALOG_COMPILER_LAUNCHIMAGE_NAME = LaunchImage;
				INFOPLIST_FILE = Preworker/Info.plist;
				LD_RUNPATH_SEARCH_PATHS = "$(inherited) @executable_path/Frameworks";
				PRODUCT_NAME = "$(TARGET_NAME)";
			};
			name = Release;
		};
		7F86D9C51976C96900C81BEA /* Debug */ = {
			isa = XCBuildConfiguration;
			buildSettings = {
				BUNDLE_LOADER = "$(BUILT_PRODUCTS_DIR)/Preworker.app/Preworker";
				FRAMEWORK_SEARCH_PATHS = (
					"$(SDKROOT)/Developer/Library/Frameworks",
					"$(inherited)",
				);
				GCC_PREPROCESSOR_DEFINITIONS = (
					"DEBUG=1",
					"$(inherited)",
				);
				INFOPLIST_FILE = PreworkerTests/Info.plist;
				LD_RUNPATH_SEARCH_PATHS = "$(inherited) @executable_path/Frameworks @loader_path/Frameworks";
				PRODUCT_NAME = "$(TARGET_NAME)";
				TEST_HOST = "$(BUNDLE_LOADER)";
			};
			name = Debug;
		};
		7F86D9C61976C96900C81BEA /* Release */ = {
			isa = XCBuildConfiguration;
			buildSettings = {
				BUNDLE_LOADER = "$(BUILT_PRODUCTS_DIR)/Preworker.app/Preworker";
				FRAMEWORK_SEARCH_PATHS = (
					"$(SDKROOT)/Developer/Library/Frameworks",
					"$(inherited)",
				);
				INFOPLIST_FILE = PreworkerTests/Info.plist;
				LD_RUNPATH_SEARCH_PATHS = "$(inherited) @executable_path/Frameworks @loader_path/Frameworks";
				PRODUCT_NAME = "$(TARGET_NAME)";
				TEST_HOST = "$(BUNDLE_LOADER)";
			};
			name = Release;
		};
/* End XCBuildConfiguration section */

/* Begin XCConfigurationList section */
		7F86D9A01976C96900C81BEA /* Build configuration list for PBXProject "Preworker" */ = {
			isa = XCConfigurationList;
			buildConfigurations = (
				7F86D9BF1976C96900C81BEA /* Debug */,
				7F86D9C01976C96900C81BEA /* Release */,
			);
			defaultConfigurationIsVisible = 0;
			defaultConfigurationName = Release;
		};
		7F86D9C11976C96900C81BEA /* Build configuration list for PBXNativeTarget "Preworker" */ = {
			isa = XCConfigurationList;
			buildConfigurations = (
				7F86D9C21976C96900C81BEA /* Debug */,
				7F86D9C31976C96900C81BEA /* Release */,
			);
			defaultConfigurationIsVisible = 0;
			defaultConfigurationName = Release;
		};
		7F86D9C41976C96900C81BEA /* Build configuration list for PBXNativeTarget "PreworkerTests" */ = {
			isa = XCConfigurationList;
			buildConfigurations = (
				7F86D9C51976C96900C81BEA /* Debug */,
				7F86D9C61976C96900C81BEA /* Release */,
			);
			defaultConfigurationIsVisible = 0;
			defaultConfigurationName = Release;
		};
/* End XCConfigurationList section */
	};
	rootObject = 7F86D99D1976C96900C81BEA /* Project object */;
}
